// !$*UTF8*$!
{
	archiveVersion = 1;
	classes = {
	};
	objectVersion = 46;
	objects = {

/* Begin PBXBuildFile section */
		7348413D586E0EE4CDCDF455 /* Pods_Tests.framework in Frameworks */ = {isa = PBXBuildFile; fileRef = FAA37A2AA03B40270E517D88 /* Pods_Tests.framework */; };
		ABFA7632B2D01836FB3EB80B /* Pods_Example.framework in Frameworks */ = {isa = PBXBuildFile; fileRef = 2BCD14818FB6391D5C3E3EF2 /* Pods_Example.framework */; };
		E2320C051FBB066F002049C9 /* Endpoint.swift in Sources */ = {isa = PBXBuildFile; fileRef = E2320BFE1FBB05DA002049C9 /* Endpoint.swift */; };
		E2320C061FBB0672002049C9 /* MockCompletionInterceptor.swift in Sources */ = {isa = PBXBuildFile; fileRef = E2320BEB1FB98BBE002049C9 /* MockCompletionInterceptor.swift */; };
		E2320C071FBB0675002049C9 /* MockExecutionInterceptor.swift in Sources */ = {isa = PBXBuildFile; fileRef = E2320BED1FB98BC7002049C9 /* MockExecutionInterceptor.swift */; };
		E2320C081FBB0678002049C9 /* MockFailureInterceptor.swift in Sources */ = {isa = PBXBuildFile; fileRef = E2320BEF1FB98BD0002049C9 /* MockFailureInterceptor.swift */; };
		E2320C091FBB067B002049C9 /* MockSuccessInterceptor.swift in Sources */ = {isa = PBXBuildFile; fileRef = E2320BF11FB98BD9002049C9 /* MockSuccessInterceptor.swift */; };
		E2320C0A1FBB067F002049C9 /* ClientTests.swift in Sources */ = {isa = PBXBuildFile; fileRef = E2320C001FBB0620002049C9 /* ClientTests.swift */; };
		E2320C101FBB1629002049C9 /* Entity.swift in Sources */ = {isa = PBXBuildFile; fileRef = E2320C0B1FBB0A0A002049C9 /* Entity.swift */; };
		E237D16B1FBB80D90036ED66 /* InterceptorChainTests.swift in Sources */ = {isa = PBXBuildFile; fileRef = E25AD4811FBB6DC700E843B6 /* InterceptorChainTests.swift */; };
		E237D16C1FBB80DC0036ED66 /* InterceptorExecutorTests.swift in Sources */ = {isa = PBXBuildFile; fileRef = E25AD4831FBB6DE600E843B6 /* InterceptorExecutorTests.swift */; };
		E25AD4801FBB6DB500E843B6 /* Alamofire+Leash+Tests.swift in Sources */ = {isa = PBXBuildFile; fileRef = E25AD47E1FBB6DAF00E843B6 /* Alamofire+Leash+Tests.swift */; };
		E273165C1FBB5DC600FC20CE /* Info.plist in Resources */ = {isa = PBXBuildFile; fileRef = E273165B1FBB5DC600FC20CE /* Info.plist */; };
		E273165F1FBB5F8D00FC20CE /* Authenticator.swift in Sources */ = {isa = PBXBuildFile; fileRef = E273165D1FBB5F8500FC20CE /* Authenticator.swift */; };
		E2B7CFD71FBB71E1009FA962 /* BaseTestCase.swift in Sources */ = {isa = PBXBuildFile; fileRef = E2B7CFD51FBB71B8009FA962 /* BaseTestCase.swift */; };
		E2B8F8D41FB77EF500B2A60A /* API.swift in Sources */ = {isa = PBXBuildFile; fileRef = E2B8F8D31FB77EF500B2A60A /* API.swift */; };
		E2B8F8D61FB77EFF00B2A60A /* APIError.swift in Sources */ = {isa = PBXBuildFile; fileRef = E2B8F8D51FB77EFF00B2A60A /* APIError.swift */; };
		E2B8F8D81FB77F0900B2A60A /* APIEndpoint.swift in Sources */ = {isa = PBXBuildFile; fileRef = E2B8F8D71FB77F0900B2A60A /* APIEndpoint.swift */; };
		E2B8F8DA1FB77F1600B2A60A /* APIAuthenticator.swift in Sources */ = {isa = PBXBuildFile; fileRef = E2B8F8D91FB77F1600B2A60A /* APIAuthenticator.swift */; };
		E2B8F8DC1FB77F2300B2A60A /* APIFormatters.swift in Sources */ = {isa = PBXBuildFile; fileRef = E2B8F8DB1FB77F2300B2A60A /* APIFormatters.swift */; };
		E2B8F8E21FB77F7D00B2A60A /* Expense.swift in Sources */ = {isa = PBXBuildFile; fileRef = E2B8F8E11FB77F7D00B2A60A /* Expense.swift */; };
		E2B8F8E41FB7801400B2A60A /* EmptyResponse.swift in Sources */ = {isa = PBXBuildFile; fileRef = E2B8F8E31FB7801400B2A60A /* EmptyResponse.swift */; };
		E2B8F8E61FB7802700B2A60A /* CreateExpenseRequest.swift in Sources */ = {isa = PBXBuildFile; fileRef = E2B8F8E51FB7802700B2A60A /* CreateExpenseRequest.swift */; };
		E2B8F8E81FB7802E00B2A60A /* UpdateExpenseRequest.swift in Sources */ = {isa = PBXBuildFile; fileRef = E2B8F8E71FB7802E00B2A60A /* UpdateExpenseRequest.swift */; };
		E2B8F8EA1FB780BB00B2A60A /* ExpensesClient.swift in Sources */ = {isa = PBXBuildFile; fileRef = E2B8F8E91FB780BB00B2A60A /* ExpensesClient.swift */; };
		E2B8F8F31FB787C100B2A60A /* BodyValidator.swift in Sources */ = {isa = PBXBuildFile; fileRef = E2B8F8F21FB787C100B2A60A /* BodyValidator.swift */; };
		E2B8F8F51FB787C800B2A60A /* ResponseValidator.swift in Sources */ = {isa = PBXBuildFile; fileRef = E2B8F8F41FB787C800B2A60A /* ResponseValidator.swift */; };
		E2B8F8F91FB788B100B2A60A /* Error.swift in Sources */ = {isa = PBXBuildFile; fileRef = E2B8F8F81FB788B100B2A60A /* Error.swift */; };
		E2B8F8FB1FB78AF600B2A60A /* LoggerInterceptor.swift in Sources */ = {isa = PBXBuildFile; fileRef = E2B8F8FA1FB78AF600B2A60A /* LoggerInterceptor.swift */; };
		E2B8F8FD1FB78B3D00B2A60A /* Logger.swift in Sources */ = {isa = PBXBuildFile; fileRef = E2B8F8FC1FB78B3D00B2A60A /* Logger.swift */; };
		E2B8F8FF1FB78E3600B2A60A /* MainViewController.swift in Sources */ = {isa = PBXBuildFile; fileRef = E2B8F8FE1FB78E3600B2A60A /* MainViewController.swift */; };
		F1B9F4551D3950070049F179 /* AppDelegate.swift in Sources */ = {isa = PBXBuildFile; fileRef = F1B9F4541D3950070049F179 /* AppDelegate.swift */; };
		F1B9F45A1D3950070049F179 /* Main.storyboard in Resources */ = {isa = PBXBuildFile; fileRef = F1B9F4581D3950070049F179 /* Main.storyboard */; };
		F1B9F45C1D3950070049F179 /* Assets.xcassets in Resources */ = {isa = PBXBuildFile; fileRef = F1B9F45B1D3950070049F179 /* Assets.xcassets */; };
		F1B9F45F1D3950070049F179 /* LaunchScreen.storyboard in Resources */ = {isa = PBXBuildFile; fileRef = F1B9F45D1D3950070049F179 /* LaunchScreen.storyboard */; };
/* End PBXBuildFile section */

/* Begin PBXContainerItemProxy section */
		F1C238741DF5A93D00D68ED3 /* PBXContainerItemProxy */ = {
			isa = PBXContainerItemProxy;
			containerPortal = F1B9F4491D3950070049F179 /* Project object */;
			proxyType = 1;
			remoteGlobalIDString = F1B9F4501D3950070049F179;
			remoteInfo = Example;
		};
/* End PBXContainerItemProxy section */

/* Begin PBXCopyFilesBuildPhase section */
		E2A6D9BA1F96AFB7009A090D /* Embed Frameworks */ = {
			isa = PBXCopyFilesBuildPhase;
			buildActionMask = 2147483647;
			dstPath = "";
			dstSubfolderSpec = 10;
			files = (
			);
			name = "Embed Frameworks";
			runOnlyForDeploymentPostprocessing = 0;
		};
/* End PBXCopyFilesBuildPhase section */

/* Begin PBXFileReference section */
		2BCD14818FB6391D5C3E3EF2 /* Pods_Example.framework */ = {isa = PBXFileReference; explicitFileType = wrapper.framework; includeInIndex = 0; path = Pods_Example.framework; sourceTree = BUILT_PRODUCTS_DIR; };
		430688969D1E6A0CEBD87711 /* Pods-Example.release.xcconfig */ = {isa = PBXFileReference; includeInIndex = 1; lastKnownFileType = text.xcconfig; name = "Pods-Example.release.xcconfig"; path = "Pods/Target Support Files/Pods-Example/Pods-Example.release.xcconfig"; sourceTree = "<group>"; };
		4D8656F5824BEA6267C382EC /* Pods-Example.debug.xcconfig */ = {isa = PBXFileReference; includeInIndex = 1; lastKnownFileType = text.xcconfig; name = "Pods-Example.debug.xcconfig"; path = "Pods/Target Support Files/Pods-Example/Pods-Example.debug.xcconfig"; sourceTree = "<group>"; };
		94412543B02CA8D5BDBACE40 /* Pods-Tests.debug.xcconfig */ = {isa = PBXFileReference; includeInIndex = 1; lastKnownFileType = text.xcconfig; name = "Pods-Tests.debug.xcconfig"; path = "Pods/Target Support Files/Pods-Tests/Pods-Tests.debug.xcconfig"; sourceTree = "<group>"; };
		9A8D1A2122CB2A0766F9E3AD /* Pods-Tests.release.xcconfig */ = {isa = PBXFileReference; includeInIndex = 1; lastKnownFileType = text.xcconfig; name = "Pods-Tests.release.xcconfig"; path = "Pods/Target Support Files/Pods-Tests/Pods-Tests.release.xcconfig"; sourceTree = "<group>"; };
		E2320BEB1FB98BBE002049C9 /* MockCompletionInterceptor.swift */ = {isa = PBXFileReference; lastKnownFileType = sourcecode.swift; path = MockCompletionInterceptor.swift; sourceTree = "<group>"; };
		E2320BED1FB98BC7002049C9 /* MockExecutionInterceptor.swift */ = {isa = PBXFileReference; lastKnownFileType = sourcecode.swift; path = MockExecutionInterceptor.swift; sourceTree = "<group>"; };
		E2320BEF1FB98BD0002049C9 /* MockFailureInterceptor.swift */ = {isa = PBXFileReference; lastKnownFileType = sourcecode.swift; path = MockFailureInterceptor.swift; sourceTree = "<group>"; };
		E2320BF11FB98BD9002049C9 /* MockSuccessInterceptor.swift */ = {isa = PBXFileReference; lastKnownFileType = sourcecode.swift; path = MockSuccessInterceptor.swift; sourceTree = "<group>"; };
		E2320BFE1FBB05DA002049C9 /* Endpoint.swift */ = {isa = PBXFileReference; lastKnownFileType = sourcecode.swift; path = Endpoint.swift; sourceTree = "<group>"; };
		E2320C001FBB0620002049C9 /* ClientTests.swift */ = {isa = PBXFileReference; lastKnownFileType = sourcecode.swift; path = ClientTests.swift; sourceTree = "<group>"; };
		E2320C0B1FBB0A0A002049C9 /* Entity.swift */ = {isa = PBXFileReference; lastKnownFileType = sourcecode.swift; path = Entity.swift; sourceTree = "<group>"; };
		E25AD47E1FBB6DAF00E843B6 /* Alamofire+Leash+Tests.swift */ = {isa = PBXFileReference; lastKnownFileType = sourcecode.swift; path = "Alamofire+Leash+Tests.swift"; sourceTree = "<group>"; };
		E25AD4811FBB6DC700E843B6 /* InterceptorChainTests.swift */ = {isa = PBXFileReference; lastKnownFileType = sourcecode.swift; path = InterceptorChainTests.swift; sourceTree = "<group>"; };
		E25AD4831FBB6DE600E843B6 /* InterceptorExecutorTests.swift */ = {isa = PBXFileReference; lastKnownFileType = sourcecode.swift; path = InterceptorExecutorTests.swift; sourceTree = "<group>"; };
		E273165B1FBB5DC600FC20CE /* Info.plist */ = {isa = PBXFileReference; fileEncoding = 4; lastKnownFileType = text.plist.xml; path = Info.plist; sourceTree = "<group>"; };
		E273165D1FBB5F8500FC20CE /* Authenticator.swift */ = {isa = PBXFileReference; lastKnownFileType = sourcecode.swift; path = Authenticator.swift; sourceTree = "<group>"; };
		E2B7CFD51FBB71B8009FA962 /* BaseTestCase.swift */ = {isa = PBXFileReference; lastKnownFileType = sourcecode.swift; path = BaseTestCase.swift; sourceTree = "<group>"; };
		E2B8F8D31FB77EF500B2A60A /* API.swift */ = {isa = PBXFileReference; lastKnownFileType = sourcecode.swift; path = API.swift; sourceTree = "<group>"; };
		E2B8F8D51FB77EFF00B2A60A /* APIError.swift */ = {isa = PBXFileReference; lastKnownFileType = sourcecode.swift; path = APIError.swift; sourceTree = "<group>"; };
		E2B8F8D71FB77F0900B2A60A /* APIEndpoint.swift */ = {isa = PBXFileReference; lastKnownFileType = sourcecode.swift; path = APIEndpoint.swift; sourceTree = "<group>"; };
		E2B8F8D91FB77F1600B2A60A /* APIAuthenticator.swift */ = {isa = PBXFileReference; lastKnownFileType = sourcecode.swift; path = APIAuthenticator.swift; sourceTree = "<group>"; };
		E2B8F8DB1FB77F2300B2A60A /* APIFormatters.swift */ = {isa = PBXFileReference; lastKnownFileType = sourcecode.swift; path = APIFormatters.swift; sourceTree = "<group>"; };
		E2B8F8E11FB77F7D00B2A60A /* Expense.swift */ = {isa = PBXFileReference; lastKnownFileType = sourcecode.swift; path = Expense.swift; sourceTree = "<group>"; };
		E2B8F8E31FB7801400B2A60A /* EmptyResponse.swift */ = {isa = PBXFileReference; lastKnownFileType = sourcecode.swift; path = EmptyResponse.swift; sourceTree = "<group>"; };
		E2B8F8E51FB7802700B2A60A /* CreateExpenseRequest.swift */ = {isa = PBXFileReference; lastKnownFileType = sourcecode.swift; path = CreateExpenseRequest.swift; sourceTree = "<group>"; };
		E2B8F8E71FB7802E00B2A60A /* UpdateExpenseRequest.swift */ = {isa = PBXFileReference; lastKnownFileType = sourcecode.swift; path = UpdateExpenseRequest.swift; sourceTree = "<group>"; };
		E2B8F8E91FB780BB00B2A60A /* ExpensesClient.swift */ = {isa = PBXFileReference; lastKnownFileType = sourcecode.swift; path = ExpensesClient.swift; sourceTree = "<group>"; };
		E2B8F8F21FB787C100B2A60A /* BodyValidator.swift */ = {isa = PBXFileReference; lastKnownFileType = sourcecode.swift; path = BodyValidator.swift; sourceTree = "<group>"; };
		E2B8F8F41FB787C800B2A60A /* ResponseValidator.swift */ = {isa = PBXFileReference; lastKnownFileType = sourcecode.swift; path = ResponseValidator.swift; sourceTree = "<group>"; };
		E2B8F8F81FB788B100B2A60A /* Error.swift */ = {isa = PBXFileReference; lastKnownFileType = sourcecode.swift; path = Error.swift; sourceTree = "<group>"; };
		E2B8F8FA1FB78AF600B2A60A /* LoggerInterceptor.swift */ = {isa = PBXFileReference; lastKnownFileType = sourcecode.swift; path = LoggerInterceptor.swift; sourceTree = "<group>"; };
		E2B8F8FC1FB78B3D00B2A60A /* Logger.swift */ = {isa = PBXFileReference; lastKnownFileType = sourcecode.swift; path = Logger.swift; sourceTree = "<group>"; };
		E2B8F8FE1FB78E3600B2A60A /* MainViewController.swift */ = {isa = PBXFileReference; lastKnownFileType = sourcecode.swift; path = MainViewController.swift; sourceTree = "<group>"; };
		F1B9F4511D3950070049F179 /* Example.app */ = {isa = PBXFileReference; explicitFileType = wrapper.application; includeInIndex = 0; path = Example.app; sourceTree = BUILT_PRODUCTS_DIR; };
		F1B9F4541D3950070049F179 /* AppDelegate.swift */ = {isa = PBXFileReference; lastKnownFileType = sourcecode.swift; path = AppDelegate.swift; sourceTree = "<group>"; };
		F1B9F4591D3950070049F179 /* Base */ = {isa = PBXFileReference; lastKnownFileType = file.storyboard; name = Base; path = Base.lproj/Main.storyboard; sourceTree = "<group>"; };
		F1B9F45B1D3950070049F179 /* Assets.xcassets */ = {isa = PBXFileReference; lastKnownFileType = folder.assetcatalog; path = Assets.xcassets; sourceTree = "<group>"; };
		F1B9F45E1D3950070049F179 /* Base */ = {isa = PBXFileReference; lastKnownFileType = file.storyboard; name = Base; path = Base.lproj/LaunchScreen.storyboard; sourceTree = "<group>"; };
		F1B9F4601D3950070049F179 /* Info.plist */ = {isa = PBXFileReference; lastKnownFileType = text.plist.xml; path = Info.plist; sourceTree = "<group>"; };
		F1C2386F1DF5A93D00D68ED3 /* Tests.xctest */ = {isa = PBXFileReference; explicitFileType = wrapper.cfbundle; includeInIndex = 0; path = Tests.xctest; sourceTree = BUILT_PRODUCTS_DIR; };
		FAA37A2AA03B40270E517D88 /* Pods_Tests.framework */ = {isa = PBXFileReference; explicitFileType = wrapper.framework; includeInIndex = 0; path = Pods_Tests.framework; sourceTree = BUILT_PRODUCTS_DIR; };
/* End PBXFileReference section */

/* Begin PBXFrameworksBuildPhase section */
		F1B9F44E1D3950070049F179 /* Frameworks */ = {
			isa = PBXFrameworksBuildPhase;
			buildActionMask = 2147483647;
			files = (
				ABFA7632B2D01836FB3EB80B /* Pods_Example.framework in Frameworks */,
			);
			runOnlyForDeploymentPostprocessing = 0;
		};
		F1C2386C1DF5A93D00D68ED3 /* Frameworks */ = {
			isa = PBXFrameworksBuildPhase;
			buildActionMask = 2147483647;
			files = (
				7348413D586E0EE4CDCDF455 /* Pods_Tests.framework in Frameworks */,
			);
			runOnlyForDeploymentPostprocessing = 0;
		};
/* End PBXFrameworksBuildPhase section */

/* Begin PBXGroup section */
		73E075CB56F37AEC3578BCEF /* Pods */ = {
			isa = PBXGroup;
			children = (
				4D8656F5824BEA6267C382EC /* Pods-Example.debug.xcconfig */,
				430688969D1E6A0CEBD87711 /* Pods-Example.release.xcconfig */,
				94412543B02CA8D5BDBACE40 /* Pods-Tests.debug.xcconfig */,
				9A8D1A2122CB2A0766F9E3AD /* Pods-Tests.release.xcconfig */,
			);
			name = Pods;
			sourceTree = "<group>";
		};
		C8B1FE1EBD31D2794EF5C482 /* Frameworks */ = {
			isa = PBXGroup;
			children = (
				2BCD14818FB6391D5C3E3EF2 /* Pods_Example.framework */,
				FAA37A2AA03B40270E517D88 /* Pods_Tests.framework */,
			);
			name = Frameworks;
			sourceTree = "<group>";
		};
		E2320BE91FB98B37002049C9 /* Mocks */ = {
			isa = PBXGroup;
			children = (
				E2320BEB1FB98BBE002049C9 /* MockCompletionInterceptor.swift */,
				E2320BED1FB98BC7002049C9 /* MockExecutionInterceptor.swift */,
				E2320BEF1FB98BD0002049C9 /* MockFailureInterceptor.swift */,
				E2320BF11FB98BD9002049C9 /* MockSuccessInterceptor.swift */,
			);
			path = Mocks;
			sourceTree = "<group>";
		};
		E2320BFD1FBB05D2002049C9 /* Utils */ = {
			isa = PBXGroup;
			children = (
				E273165D1FBB5F8500FC20CE /* Authenticator.swift */,
				E2B7CFD51FBB71B8009FA962 /* BaseTestCase.swift */,
				E2320BFE1FBB05DA002049C9 /* Endpoint.swift */,
				E2320C0B1FBB0A0A002049C9 /* Entity.swift */,
			);
			path = Utils;
			sourceTree = "<group>";
		};
		E2B8F8D21FB77ED900B2A60A /* API */ = {
			isa = PBXGroup;
			children = (
				E2B8F8DD1FB77F5000B2A60A /* Clients */,
				E2B8F8E01FB77F7100B2A60A /* Entities */,
				E2B8F8ED1FB7863300B2A60A /* Interceptors */,
				E2B8F8DF1FB77F5D00B2A60A /* Requests */,
				E2B8F8DE1FB77F5500B2A60A /* Responses */,
				E2B8F8D31FB77EF500B2A60A /* API.swift */,
				E2B8F8D91FB77F1600B2A60A /* APIAuthenticator.swift */,
				E2B8F8D71FB77F0900B2A60A /* APIEndpoint.swift */,
				E2B8F8D51FB77EFF00B2A60A /* APIError.swift */,
				E2B8F8DB1FB77F2300B2A60A /* APIFormatters.swift */,
			);
			path = API;
			sourceTree = "<group>";
		};
		E2B8F8DD1FB77F5000B2A60A /* Clients */ = {
			isa = PBXGroup;
			children = (
				E2B8F8E91FB780BB00B2A60A /* ExpensesClient.swift */,
			);
			path = Clients;
			sourceTree = "<group>";
		};
		E2B8F8DE1FB77F5500B2A60A /* Responses */ = {
			isa = PBXGroup;
			children = (
				E2B8F8E31FB7801400B2A60A /* EmptyResponse.swift */,
			);
			path = Responses;
			sourceTree = "<group>";
		};
		E2B8F8DF1FB77F5D00B2A60A /* Requests */ = {
			isa = PBXGroup;
			children = (
				E2B8F8E51FB7802700B2A60A /* CreateExpenseRequest.swift */,
				E2B8F8E71FB7802E00B2A60A /* UpdateExpenseRequest.swift */,
			);
			path = Requests;
			sourceTree = "<group>";
		};
		E2B8F8E01FB77F7100B2A60A /* Entities */ = {
			isa = PBXGroup;
			children = (
				E2B8F8E11FB77F7D00B2A60A /* Expense.swift */,
			);
			path = Entities;
			sourceTree = "<group>";
		};
		E2B8F8ED1FB7863300B2A60A /* Interceptors */ = {
			isa = PBXGroup;
			children = (
				E2B8F8F21FB787C100B2A60A /* BodyValidator.swift */,
				E2B8F8FA1FB78AF600B2A60A /* LoggerInterceptor.swift */,
				E2B8F8F41FB787C800B2A60A /* ResponseValidator.swift */,
			);
			path = Interceptors;
			sourceTree = "<group>";
		};
		E2B8F8F71FB788A500B2A60A /* Utils */ = {
			isa = PBXGroup;
			children = (
				E2B8F8F81FB788B100B2A60A /* Error.swift */,
				E2B8F8FC1FB78B3D00B2A60A /* Logger.swift */,
			);
			path = Utils;
			sourceTree = "<group>";
		};
		F1B9F4481D3950070049F179 = {
			isa = PBXGroup;
			children = (
				F1B9F4531D3950070049F179 /* Source */,
				F1C238701DF5A93D00D68ED3 /* Tests */,
				F1B9F4521D3950070049F179 /* Products */,
				73E075CB56F37AEC3578BCEF /* Pods */,
				C8B1FE1EBD31D2794EF5C482 /* Frameworks */,
			);
			sourceTree = "<group>";
		};
		F1B9F4521D3950070049F179 /* Products */ = {
			isa = PBXGroup;
			children = (
				F1B9F4511D3950070049F179 /* Example.app */,
				F1C2386F1DF5A93D00D68ED3 /* Tests.xctest */,
			);
			name = Products;
			sourceTree = "<group>";
		};
		F1B9F4531D3950070049F179 /* Source */ = {
			isa = PBXGroup;
			children = (
				E2B8F8F71FB788A500B2A60A /* Utils */,
				E2B8F8D21FB77ED900B2A60A /* API */,
				E2B8F8FE1FB78E3600B2A60A /* MainViewController.swift */,
				F1B9F4541D3950070049F179 /* AppDelegate.swift */,
				F1B9F45B1D3950070049F179 /* Assets.xcassets */,
				F1B9F4581D3950070049F179 /* Main.storyboard */,
				F1B9F45D1D3950070049F179 /* LaunchScreen.storyboard */,
				F1B9F4601D3950070049F179 /* Info.plist */,
			);
			path = Source;
			sourceTree = "<group>";
		};
		F1C238701DF5A93D00D68ED3 /* Tests */ = {
			isa = PBXGroup;
			children = (
				E2320BE91FB98B37002049C9 /* Mocks */,
				E2320BFD1FBB05D2002049C9 /* Utils */,
				E25AD47E1FBB6DAF00E843B6 /* Alamofire+Leash+Tests.swift */,
				E2320C001FBB0620002049C9 /* ClientTests.swift */,
				E25AD4811FBB6DC700E843B6 /* InterceptorChainTests.swift */,
				E25AD4831FBB6DE600E843B6 /* InterceptorExecutorTests.swift */,
				E273165B1FBB5DC600FC20CE /* Info.plist */,
			);
			name = Tests;
			path = ../Tests;
			sourceTree = "<group>";
		};
/* End PBXGroup section */

/* Begin PBXNativeTarget section */
		F1B9F4501D3950070049F179 /* Example */ = {
			isa = PBXNativeTarget;
			buildConfigurationList = F1B9F4631D3950070049F179 /* Build configuration list for PBXNativeTarget "Example" */;
			buildPhases = (
				D2A7BCC45205A685836A34EF /* [CP] Check Pods Manifest.lock */,
				F1B9F44D1D3950070049F179 /* Sources */,
				F1B9F44E1D3950070049F179 /* Frameworks */,
				F1B9F44F1D3950070049F179 /* Resources */,
				E2A6D9BA1F96AFB7009A090D /* Embed Frameworks */,
				8037C2EDD567A184DE713B61 /* [CP] Embed Pods Frameworks */,
				9F25AAEED5EB47F5E408BDDC /* [CP] Copy Pods Resources */,
			);
			buildRules = (
			);
			dependencies = (
			);
			name = Example;
			productName = Example;
			productReference = F1B9F4511D3950070049F179 /* Example.app */;
			productType = "com.apple.product-type.application";
		};
		F1C2386E1DF5A93D00D68ED3 /* Tests */ = {
			isa = PBXNativeTarget;
			buildConfigurationList = F1C238761DF5A93D00D68ED3 /* Build configuration list for PBXNativeTarget "Tests" */;
			buildPhases = (
				F286CCC02DB7012CE85E6065 /* [CP] Check Pods Manifest.lock */,
				F1C2386B1DF5A93D00D68ED3 /* Sources */,
				F1C2386C1DF5A93D00D68ED3 /* Frameworks */,
				F1C2386D1DF5A93D00D68ED3 /* Resources */,
				DC93C2E51166F8B5A1B64EDE /* [CP] Embed Pods Frameworks */,
				53F7E1810E6D7FAEA9717C6A /* [CP] Copy Pods Resources */,
			);
			buildRules = (
			);
			dependencies = (
				F1C238751DF5A93D00D68ED3 /* PBXTargetDependency */,
			);
			name = Tests;
			productName = Tests;
			productReference = F1C2386F1DF5A93D00D68ED3 /* Tests.xctest */;
			productType = "com.apple.product-type.bundle.unit-test";
		};
/* End PBXNativeTarget section */

/* Begin PBXProject section */
		F1B9F4491D3950070049F179 /* Project object */ = {
			isa = PBXProject;
			attributes = {
				LastSwiftUpdateCheck = 0810;
				LastUpgradeCheck = 0900;
				ORGANIZATIONNAME = "Luciano Polit";
				TargetAttributes = {
					F1B9F4501D3950070049F179 = {
						CreatedOnToolsVersion = 7.3.1;
						LastSwiftMigration = 0810;
					};
					F1C2386E1DF5A93D00D68ED3 = {
						CreatedOnToolsVersion = 8.1;
						ProvisioningStyle = Automatic;
						TestTargetID = F1B9F4501D3950070049F179;
					};
				};
			};
			buildConfigurationList = F1B9F44C1D3950070049F179 /* Build configuration list for PBXProject "Example" */;
			compatibilityVersion = "Xcode 3.2";
			developmentRegion = English;
			hasScannedForEncodings = 0;
			knownRegions = (
				en,
				Base,
			);
			mainGroup = F1B9F4481D3950070049F179;
			productRefGroup = F1B9F4521D3950070049F179 /* Products */;
			projectDirPath = "";
			projectRoot = "";
			targets = (
				F1B9F4501D3950070049F179 /* Example */,
				F1C2386E1DF5A93D00D68ED3 /* Tests */,
			);
		};
/* End PBXProject section */

/* Begin PBXResourcesBuildPhase section */
		F1B9F44F1D3950070049F179 /* Resources */ = {
			isa = PBXResourcesBuildPhase;
			buildActionMask = 2147483647;
			files = (
				E273165C1FBB5DC600FC20CE /* Info.plist in Resources */,
				F1B9F45F1D3950070049F179 /* LaunchScreen.storyboard in Resources */,
				F1B9F45C1D3950070049F179 /* Assets.xcassets in Resources */,
				F1B9F45A1D3950070049F179 /* Main.storyboard in Resources */,
			);
			runOnlyForDeploymentPostprocessing = 0;
		};
		F1C2386D1DF5A93D00D68ED3 /* Resources */ = {
			isa = PBXResourcesBuildPhase;
			buildActionMask = 2147483647;
			files = (
			);
			runOnlyForDeploymentPostprocessing = 0;
		};
/* End PBXResourcesBuildPhase section */

/* Begin PBXShellScriptBuildPhase section */
		53F7E1810E6D7FAEA9717C6A /* [CP] Copy Pods Resources */ = {
			isa = PBXShellScriptBuildPhase;
			buildActionMask = 2147483647;
			files = (
			);
			inputPaths = (
			);
			name = "[CP] Copy Pods Resources";
			outputPaths = (
			);
			runOnlyForDeploymentPostprocessing = 0;
			shellPath = /bin/sh;
			shellScript = "\"${SRCROOT}/Pods/Target Support Files/Pods-Tests/Pods-Tests-resources.sh\"\n";
			showEnvVarsInLog = 0;
		};
		8037C2EDD567A184DE713B61 /* [CP] Embed Pods Frameworks */ = {
			isa = PBXShellScriptBuildPhase;
			buildActionMask = 2147483647;
			files = (
			);
			inputPaths = (
				"${SRCROOT}/Pods/Target Support Files/Pods-Example/Pods-Example-frameworks.sh",
				"${BUILT_PRODUCTS_DIR}/Alamofire/Alamofire.framework",
				"${BUILT_PRODUCTS_DIR}/Leash/Leash.framework",
			);
			name = "[CP] Embed Pods Frameworks";
			outputPaths = (
				"${TARGET_BUILD_DIR}/${FRAMEWORKS_FOLDER_PATH}/Alamofire.framework",
				"${TARGET_BUILD_DIR}/${FRAMEWORKS_FOLDER_PATH}/Leash.framework",
			);
			runOnlyForDeploymentPostprocessing = 0;
			shellPath = /bin/sh;
			shellScript = "\"${SRCROOT}/Pods/Target Support Files/Pods-Example/Pods-Example-frameworks.sh\"\n";
			showEnvVarsInLog = 0;
		};
		9F25AAEED5EB47F5E408BDDC /* [CP] Copy Pods Resources */ = {
			isa = PBXShellScriptBuildPhase;
			buildActionMask = 2147483647;
			files = (
			);
			inputPaths = (
			);
			name = "[CP] Copy Pods Resources";
			outputPaths = (
			);
			runOnlyForDeploymentPostprocessing = 0;
			shellPath = /bin/sh;
			shellScript = "\"${SRCROOT}/Pods/Target Support Files/Pods-Example/Pods-Example-resources.sh\"\n";
			showEnvVarsInLog = 0;
		};
		D2A7BCC45205A685836A34EF /* [CP] Check Pods Manifest.lock */ = {
			isa = PBXShellScriptBuildPhase;
			buildActionMask = 2147483647;
			files = (
			);
			inputPaths = (
				"${PODS_PODFILE_DIR_PATH}/Podfile.lock",
				"${PODS_ROOT}/Manifest.lock",
			);
			name = "[CP] Check Pods Manifest.lock";
			outputPaths = (
				"$(DERIVED_FILE_DIR)/Pods-Example-checkManifestLockResult.txt",
			);
			runOnlyForDeploymentPostprocessing = 0;
			shellPath = /bin/sh;
			shellScript = "diff \"${PODS_PODFILE_DIR_PATH}/Podfile.lock\" \"${PODS_ROOT}/Manifest.lock\" > /dev/null\nif [ $? != 0 ] ; then\n    # print error to STDERR\n    echo \"error: The sandbox is not in sync with the Podfile.lock. Run 'pod install' or update your CocoaPods installation.\" >&2\n    exit 1\nfi\n# This output is used by Xcode 'outputs' to avoid re-running this script phase.\necho \"SUCCESS\" > \"${SCRIPT_OUTPUT_FILE_0}\"\n";
			showEnvVarsInLog = 0;
		};
		DC93C2E51166F8B5A1B64EDE /* [CP] Embed Pods Frameworks */ = {
			isa = PBXShellScriptBuildPhase;
			buildActionMask = 2147483647;
			files = (
			);
			inputPaths = (
				"${SRCROOT}/Pods/Target Support Files/Pods-Tests/Pods-Tests-frameworks.sh",
				"${BUILT_PRODUCTS_DIR}/Alamofire/Alamofire.framework",
				"${BUILT_PRODUCTS_DIR}/Leash/Leash.framework",
				"${BUILT_PRODUCTS_DIR}/OHHTTPStubs/OHHTTPStubs.framework",
			);
			name = "[CP] Embed Pods Frameworks";
			outputPaths = (
				"${TARGET_BUILD_DIR}/${FRAMEWORKS_FOLDER_PATH}/Alamofire.framework",
				"${TARGET_BUILD_DIR}/${FRAMEWORKS_FOLDER_PATH}/Leash.framework",
				"${TARGET_BUILD_DIR}/${FRAMEWORKS_FOLDER_PATH}/OHHTTPStubs.framework",
			);
			runOnlyForDeploymentPostprocessing = 0;
			shellPath = /bin/sh;
			shellScript = "\"${SRCROOT}/Pods/Target Support Files/Pods-Tests/Pods-Tests-frameworks.sh\"\n";
			showEnvVarsInLog = 0;
		};
		F286CCC02DB7012CE85E6065 /* [CP] Check Pods Manifest.lock */ = {
			isa = PBXShellScriptBuildPhase;
			buildActionMask = 2147483647;
			files = (
			);
			inputPaths = (
				"${PODS_PODFILE_DIR_PATH}/Podfile.lock",
				"${PODS_ROOT}/Manifest.lock",
			);
			name = "[CP] Check Pods Manifest.lock";
			outputPaths = (
				"$(DERIVED_FILE_DIR)/Pods-Tests-checkManifestLockResult.txt",
			);
			runOnlyForDeploymentPostprocessing = 0;
			shellPath = /bin/sh;
			shellScript = "diff \"${PODS_PODFILE_DIR_PATH}/Podfile.lock\" \"${PODS_ROOT}/Manifest.lock\" > /dev/null\nif [ $? != 0 ] ; then\n    # print error to STDERR\n    echo \"error: The sandbox is not in sync with the Podfile.lock. Run 'pod install' or update your CocoaPods installation.\" >&2\n    exit 1\nfi\n# This output is used by Xcode 'outputs' to avoid re-running this script phase.\necho \"SUCCESS\" > \"${SCRIPT_OUTPUT_FILE_0}\"\n";
			showEnvVarsInLog = 0;
		};
/* End PBXShellScriptBuildPhase section */

/* Begin PBXSourcesBuildPhase section */
		F1B9F44D1D3950070049F179 /* Sources */ = {
			isa = PBXSourcesBuildPhase;
			buildActionMask = 2147483647;
			files = (
				E2B8F8E21FB77F7D00B2A60A /* Expense.swift in Sources */,
				E2B8F8EA1FB780BB00B2A60A /* ExpensesClient.swift in Sources */,
				E2B8F8FB1FB78AF600B2A60A /* LoggerInterceptor.swift in Sources */,
				E2B8F8D41FB77EF500B2A60A /* API.swift in Sources */,
				F1B9F4551D3950070049F179 /* AppDelegate.swift in Sources */,
				E2B8F8D61FB77EFF00B2A60A /* APIError.swift in Sources */,
				E2B8F8F51FB787C800B2A60A /* ResponseValidator.swift in Sources */,
				E2B8F8FD1FB78B3D00B2A60A /* Logger.swift in Sources */,
				E2B8F8F91FB788B100B2A60A /* Error.swift in Sources */,
				E2B8F8F31FB787C100B2A60A /* BodyValidator.swift in Sources */,
				E2B8F8E41FB7801400B2A60A /* EmptyResponse.swift in Sources */,
				E2B8F8E61FB7802700B2A60A /* CreateExpenseRequest.swift in Sources */,
				E2B8F8DC1FB77F2300B2A60A /* APIFormatters.swift in Sources */,
				E2B8F8DA1FB77F1600B2A60A /* APIAuthenticator.swift in Sources */,
				E2B8F8FF1FB78E3600B2A60A /* MainViewController.swift in Sources */,
				E2B8F8D81FB77F0900B2A60A /* APIEndpoint.swift in Sources */,
				E2B8F8E81FB7802E00B2A60A /* UpdateExpenseRequest.swift in Sources */,
			);
			runOnlyForDeploymentPostprocessing = 0;
		};
		F1C2386B1DF5A93D00D68ED3 /* Sources */ = {
			isa = PBXSourcesBuildPhase;
			buildActionMask = 2147483647;
			files = (
				E2320C0A1FBB067F002049C9 /* ClientTests.swift in Sources */,
				E2320C061FBB0672002049C9 /* MockCompletionInterceptor.swift in Sources */,
				E2B7CFD71FBB71E1009FA962 /* BaseTestCase.swift in Sources */,
				E2320C081FBB0678002049C9 /* MockFailureInterceptor.swift in Sources */,
				E2320C101FBB1629002049C9 /* Entity.swift in Sources */,
				E25AD4801FBB6DB500E843B6 /* Alamofire+Leash+Tests.swift in Sources */,
				E237D16C1FBB80DC0036ED66 /* InterceptorExecutorTests.swift in Sources */,
				E273165F1FBB5F8D00FC20CE /* Authenticator.swift in Sources */,
				E2320C051FBB066F002049C9 /* Endpoint.swift in Sources */,
				E2320C071FBB0675002049C9 /* MockExecutionInterceptor.swift in Sources */,
				E2320C091FBB067B002049C9 /* MockSuccessInterceptor.swift in Sources */,
				E237D16B1FBB80D90036ED66 /* InterceptorChainTests.swift in Sources */,
			);
			runOnlyForDeploymentPostprocessing = 0;
		};
/* End PBXSourcesBuildPhase section */

/* Begin PBXTargetDependency section */
		F1C238751DF5A93D00D68ED3 /* PBXTargetDependency */ = {
			isa = PBXTargetDependency;
			target = F1B9F4501D3950070049F179 /* Example */;
			targetProxy = F1C238741DF5A93D00D68ED3 /* PBXContainerItemProxy */;
		};
/* End PBXTargetDependency section */

/* Begin PBXVariantGroup section */
		F1B9F4581D3950070049F179 /* Main.storyboard */ = {
			isa = PBXVariantGroup;
			children = (
				F1B9F4591D3950070049F179 /* Base */,
			);
			name = Main.storyboard;
			sourceTree = "<group>";
		};
		F1B9F45D1D3950070049F179 /* LaunchScreen.storyboard */ = {
			isa = PBXVariantGroup;
			children = (
				F1B9F45E1D3950070049F179 /* Base */,
			);
			name = LaunchScreen.storyboard;
			sourceTree = "<group>";
		};
/* End PBXVariantGroup section */

/* Begin XCBuildConfiguration section */
		F1B9F4611D3950070049F179 /* Debug */ = {
			isa = XCBuildConfiguration;
			buildSettings = {
				ALWAYS_EMBED_SWIFT_STANDARD_LIBRARIES = YES;
				ALWAYS_SEARCH_USER_PATHS = NO;
				CLANG_ANALYZER_NONNULL = YES;
				CLANG_CXX_LANGUAGE_STANDARD = "gnu++0x";
				CLANG_CXX_LIBRARY = "libc++";
				CLANG_ENABLE_MODULES = YES;
				CLANG_ENABLE_OBJC_ARC = YES;
				CLANG_WARN_BLOCK_CAPTURE_AUTORELEASING = YES;
				CLANG_WARN_BOOL_CONVERSION = YES;
				CLANG_WARN_COMMA = YES;
				CLANG_WARN_CONSTANT_CONVERSION = YES;
				CLANG_WARN_DIRECT_OBJC_ISA_USAGE = YES_ERROR;
				CLANG_WARN_EMPTY_BODY = YES;
				CLANG_WARN_ENUM_CONVERSION = YES;
				CLANG_WARN_INFINITE_RECURSION = YES;
				CLANG_WARN_INT_CONVERSION = YES;
				CLANG_WARN_NON_LITERAL_NULL_CONVERSION = YES;
				CLANG_WARN_OBJC_LITERAL_CONVERSION = YES;
				CLANG_WARN_OBJC_ROOT_CLASS = YES_ERROR;
				CLANG_WARN_RANGE_LOOP_ANALYSIS = YES;
				CLANG_WARN_STRICT_PROTOTYPES = YES;
				CLANG_WARN_SUSPICIOUS_MOVE = YES;
				CLANG_WARN_UNREACHABLE_CODE = YES;
				CLANG_WARN__DUPLICATE_METHOD_MATCH = YES;
				"CODE_SIGN_IDENTITY[sdk=iphoneos*]" = "iPhone Developer";
				COPY_PHASE_STRIP = NO;
				DEBUG_INFORMATION_FORMAT = dwarf;
				ENABLE_STRICT_OBJC_MSGSEND = YES;
				ENABLE_TESTABILITY = YES;
				FRAMEWORK_SEARCH_PATHS = "";
				GCC_C_LANGUAGE_STANDARD = gnu99;
				GCC_DYNAMIC_NO_PIC = NO;
				GCC_NO_COMMON_BLOCKS = YES;
				GCC_OPTIMIZATION_LEVEL = 0;
				GCC_PREPROCESSOR_DEFINITIONS = (
					"DEBUG=1",
					"$(inherited)",
				);
				GCC_WARN_64_TO_32_BIT_CONVERSION = YES;
				GCC_WARN_ABOUT_RETURN_TYPE = YES_ERROR;
				GCC_WARN_UNDECLARED_SELECTOR = YES;
				GCC_WARN_UNINITIALIZED_AUTOS = YES_AGGRESSIVE;
				GCC_WARN_UNUSED_FUNCTION = YES;
				GCC_WARN_UNUSED_VARIABLE = YES;
				IPHONEOS_DEPLOYMENT_TARGET = 11.0;
				MTL_ENABLE_DEBUG_INFO = YES;
				ONLY_ACTIVE_ARCH = YES;
				SDKROOT = iphoneos;
				SWIFT_OPTIMIZATION_LEVEL = "-Onone";
				TARGETED_DEVICE_FAMILY = "1,2";
			};
			name = Debug;
		};
		F1B9F4621D3950070049F179 /* Release */ = {
			isa = XCBuildConfiguration;
			buildSettings = {
				ALWAYS_EMBED_SWIFT_STANDARD_LIBRARIES = YES;
				ALWAYS_SEARCH_USER_PATHS = NO;
				CLANG_ANALYZER_NONNULL = YES;
				CLANG_CXX_LANGUAGE_STANDARD = "gnu++0x";
				CLANG_CXX_LIBRARY = "libc++";
				CLANG_ENABLE_MODULES = YES;
				CLANG_ENABLE_OBJC_ARC = YES;
				CLANG_WARN_BLOCK_CAPTURE_AUTORELEASING = YES;
				CLANG_WARN_BOOL_CONVERSION = YES;
				CLANG_WARN_COMMA = YES;
				CLANG_WARN_CONSTANT_CONVERSION = YES;
				CLANG_WARN_DIRECT_OBJC_ISA_USAGE = YES_ERROR;
				CLANG_WARN_EMPTY_BODY = YES;
				CLANG_WARN_ENUM_CONVERSION = YES;
				CLANG_WARN_INFINITE_RECURSION = YES;
				CLANG_WARN_INT_CONVERSION = YES;
				CLANG_WARN_NON_LITERAL_NULL_CONVERSION = YES;
				CLANG_WARN_OBJC_LITERAL_CONVERSION = YES;
				CLANG_WARN_OBJC_ROOT_CLASS = YES_ERROR;
				CLANG_WARN_RANGE_LOOP_ANALYSIS = YES;
				CLANG_WARN_STRICT_PROTOTYPES = YES;
				CLANG_WARN_SUSPICIOUS_MOVE = YES;
				CLANG_WARN_UNREACHABLE_CODE = YES;
				CLANG_WARN__DUPLICATE_METHOD_MATCH = YES;
				"CODE_SIGN_IDENTITY[sdk=iphoneos*]" = "iPhone Developer";
				COPY_PHASE_STRIP = NO;
				DEBUG_INFORMATION_FORMAT = "dwarf-with-dsym";
				ENABLE_NS_ASSERTIONS = NO;
				ENABLE_STRICT_OBJC_MSGSEND = YES;
				FRAMEWORK_SEARCH_PATHS = "";
				GCC_C_LANGUAGE_STANDARD = gnu99;
				GCC_NO_COMMON_BLOCKS = YES;
				GCC_WARN_64_TO_32_BIT_CONVERSION = YES;
				GCC_WARN_ABOUT_RETURN_TYPE = YES_ERROR;
				GCC_WARN_UNDECLARED_SELECTOR = YES;
				GCC_WARN_UNINITIALIZED_AUTOS = YES_AGGRESSIVE;
				GCC_WARN_UNUSED_FUNCTION = YES;
				GCC_WARN_UNUSED_VARIABLE = YES;
				IPHONEOS_DEPLOYMENT_TARGET = 11.0;
				MTL_ENABLE_DEBUG_INFO = NO;
				SDKROOT = iphoneos;
				SWIFT_OPTIMIZATION_LEVEL = "-Owholemodule";
				TARGETED_DEVICE_FAMILY = "1,2";
				VALIDATE_PRODUCT = YES;
			};
			name = Release;
		};
		F1B9F4641D3950070049F179 /* Debug */ = {
			isa = XCBuildConfiguration;
			baseConfigurationReference = 4D8656F5824BEA6267C382EC /* Pods-Example.debug.xcconfig */;
			buildSettings = {
				ASSETCATALOG_COMPILER_APPICON_NAME = AppIcon;
				CODE_SIGN_IDENTITY = "iPhone Developer";
				DEFINES_MODULE = YES;
				INFOPLIST_FILE = Source/Info.plist;
				IPHONEOS_DEPLOYMENT_TARGET = 11.0;
				LD_RUNPATH_SEARCH_PATHS = "$(inherited) @executable_path/Frameworks";
				PRODUCT_BUNDLE_IDENTIFIER = LP.Example;
				PRODUCT_NAME = "$(TARGET_NAME)";
				SWIFT_VERSION = 4.0;
			};
			name = Debug;
		};
		F1B9F4651D3950070049F179 /* Release */ = {
			isa = XCBuildConfiguration;
			baseConfigurationReference = 430688969D1E6A0CEBD87711 /* Pods-Example.release.xcconfig */;
			buildSettings = {
				ASSETCATALOG_COMPILER_APPICON_NAME = AppIcon;
				CODE_SIGN_IDENTITY = "iPhone Developer";
				DEFINES_MODULE = YES;
				INFOPLIST_FILE = Source/Info.plist;
				IPHONEOS_DEPLOYMENT_TARGET = 11.0;
				LD_RUNPATH_SEARCH_PATHS = "$(inherited) @executable_path/Frameworks";
				PRODUCT_BUNDLE_IDENTIFIER = LP.Example;
				PRODUCT_NAME = "$(TARGET_NAME)";
				SWIFT_VERSION = 4.0;
			};
			name = Release;
		};
		F1C238771DF5A93D00D68ED3 /* Debug */ = {
			isa = XCBuildConfiguration;
			baseConfigurationReference = 94412543B02CA8D5BDBACE40 /* Pods-Tests.debug.xcconfig */;
			buildSettings = {
				ALWAYS_EMBED_SWIFT_STANDARD_LIBRARIES = "$(inherited)";
				BUNDLE_LOADER = "$(TEST_HOST)";
				CLANG_WARN_DOCUMENTATION_COMMENTS = YES;
				CLANG_WARN_SUSPICIOUS_MOVES = YES;
				INFOPLIST_FILE = ../Tests/Info.plist;
				IPHONEOS_DEPLOYMENT_TARGET = 10.1;
				LD_RUNPATH_SEARCH_PATHS = "$(inherited) @executable_path/Frameworks @loader_path/Frameworks";
				PRODUCT_BUNDLE_IDENTIFIER = LP.Tests;
				PRODUCT_NAME = "$(TARGET_NAME)";
				SWIFT_ACTIVE_COMPILATION_CONDITIONS = DEBUG;
				SWIFT_VERSION = 4.0;
				TEST_HOST = "$(BUILT_PRODUCTS_DIR)/Example.app/Example";
			};
			name = Debug;
		};
		F1C238781DF5A93D00D68ED3 /* Release */ = {
			isa = XCBuildConfiguration;
			baseConfigurationReference = 9A8D1A2122CB2A0766F9E3AD /* Pods-Tests.release.xcconfig */;
			buildSettings = {
				ALWAYS_EMBED_SWIFT_STANDARD_LIBRARIES = "$(inherited)";
				BUNDLE_LOADER = "$(TEST_HOST)";
				CLANG_WARN_DOCUMENTATION_COMMENTS = YES;
				CLANG_WARN_SUSPICIOUS_MOVES = YES;
				INFOPLIST_FILE = ../Tests/Info.plist;
				IPHONEOS_DEPLOYMENT_TARGET = 10.1;
				LD_RUNPATH_SEARCH_PATHS = "$(inherited) @executable_path/Frameworks @loader_path/Frameworks";
				PRODUCT_BUNDLE_IDENTIFIER = LP.Tests;
				PRODUCT_NAME = "$(TARGET_NAME)";
				SWIFT_VERSION = 4.0;
				TEST_HOST = "$(BUILT_PRODUCTS_DIR)/Example.app/Example";
			};
			name = Release;
		};
/* End XCBuildConfiguration section */

/* Begin XCConfigurationList section */
		F1B9F44C1D3950070049F179 /* Build configuration list for PBXProject "Example" */ = {
			isa = XCConfigurationList;
			buildConfigurations = (
				F1B9F4611D3950070049F179 /* Debug */,
				F1B9F4621D3950070049F179 /* Release */,
			);
			defaultConfigurationIsVisible = 0;
			defaultConfigurationName = Release;
		};
		F1B9F4631D3950070049F179 /* Build configuration list for PBXNativeTarget "Example" */ = {
			isa = XCConfigurationList;
			buildConfigurations = (
				F1B9F4641D3950070049F179 /* Debug */,
				F1B9F4651D3950070049F179 /* Release */,
			);
			defaultConfigurationIsVisible = 0;
			defaultConfigurationName = Release;
		};
		F1C238761DF5A93D00D68ED3 /* Build configuration list for PBXNativeTarget "Tests" */ = {
			isa = XCConfigurationList;
			buildConfigurations = (
				F1C238771DF5A93D00D68ED3 /* Debug */,
				F1C238781DF5A93D00D68ED3 /* Release */,
			);
			defaultConfigurationIsVisible = 0;
			defaultConfigurationName = Release;
		};
/* End XCConfigurationList section */
	};
	rootObject = F1B9F4491D3950070049F179 /* Project object */;
}
